#MicroXplorer Configuration settings - do not modify
CAD.formats=
CAD.pinconfig=
CAD.provider=
DSIHOST.BTA_FlowControl=__NULL
DSIHOST.ClockLaneHS2LPTime=19
DSIHOST.ClockLaneLP2HSTime=15
DSIHOST.DataLaneHS2LPTime=9
DSIHOST.DataLaneLP2HSTime=10
DSIHOST.HorizontalBackPorch=180
DSIHOST.HorizontalLine=664
DSIHOST.HorizontalSyncActive=184
DSIHOST.IPParameters=Mode,PacketSize,VerticalBackPorch,VerticalActive,HorizontalSyncActive,HorizontalBackPorch,HorizontalLine,LPHorizontalFrontPorchEnable,LPHorizontalBackPorchEnable,LPVerticalActiveEnable,LPVerticalFrontPorchEnable,LPVerticalBackPorchEnable,LPVerticalSyncActiveEnable,BTA_FlowControl,ClockLaneHS2LPTime,ClockLaneLP2HSTime,DataLaneHS2LPTime,DataLaneLP2HSTime,LPCommandEnable,LPVACTLargestPacketSize,LPLargestPacketSize,VerticalSyncActive,VerticalFrontPorch
DSIHOST.LPCommandEnable=DSI_LP_COMMAND_ENABLE
DSIHOST.LPHorizontalBackPorchEnable=DSI_LP_HBP_ENABLE
DSIHOST.LPHorizontalFrontPorchEnable=DSI_LP_HFP_ENABLE
DSIHOST.LPLargestPacketSize=28
DSIHOST.LPVACTLargestPacketSize=80
DSIHOST.LPVerticalActiveEnable=DSI_LP_VACT_ENABLE
DSIHOST.LPVerticalBackPorchEnable=DSI_LP_VBP_ENABLE
DSIHOST.LPVerticalFrontPorchEnable=DSI_LP_VFP_ENABLE
DSIHOST.LPVerticalSyncActiveEnable=DSI_LP_VSYNC_ENABLE
DSIHOST.Mode=DSI_VID_MODE_NB_EVENTS
DSIHOST.PacketSize=120
DSIHOST.VerticalActive=156
DSIHOST.VerticalBackPorch=8
DSIHOST.VerticalFrontPorch=8
DSIHOST.VerticalSyncActive=9
DSIHOST_CKN.Mode=DSIHost_Video
DSIHOST_CKN.Signal=DSIHOST_CKN
DSIHOST_CKP.Mode=DSIHost_Video
DSIHOST_CKP.Signal=DSIHOST_CKP
DSIHOST_D0N.Mode=DSIHost_Video
DSIHOST_D0N.Signal=DSIHOST_D0N
DSIHOST_D0P.Mode=DSIHost_Video
DSIHOST_D0P.Signal=DSIHOST_D0P
DSIHOST_D1N.Mode=DSIHost_Video
DSIHOST_D1N.Signal=DSIHOST_D1N
DSIHOST_D1P.Mode=DSIHost_Video
DSIHOST_D1P.Signal=DSIHOST_D1P
File.Version=6
GPIO.groupedBy=Group By Peripherals
KeepUserPlacement=false
LTDC.ActiveH=156
LTDC.ActiveW=120
LTDC.Alpha_L0=255
LTDC.Blue=255
LTDC.Blue_L0=255
LTDC.FBStartAdress_L0=(uint32_t *)image_arr_rgb888
LTDC.Green=255
LTDC.Green_L0=255
LTDC.HBP=180
LTDC.HFP=180
LTDC.HSPolarity=LTDC_HSPOLARITY_AH
LTDC.HSync=184
LTDC.IPParameters=Layers,WindowX1_L0,WindowY1_L0,PixelFormat_L0,Alpha_L0,Blue_L0,Green_L0,Red_L0,ImageWidth_L0,ImageHeight_L0,FBStartAdress_L0,HSync,HBP,ActiveW,HFP,VSync,VBP,ActiveH,HSPolarity,VSPolarity,Red,Green,Blue,VFP,WindowX0_L0,WindowY0_L0
LTDC.IPParametersWithoutCheck=FBStartAdress_L0
LTDC.ImageHeight_L0=156
LTDC.ImageWidth_L0=120
LTDC.Layers=0
LTDC.PixelFormat_L0=LTDC_PIXEL_FORMAT_RGB888
LTDC.Red=255
LTDC.Red_L0=255
LTDC.VBP=8
LTDC.VFP=8
LTDC.VSPolarity=LTDC_VSPOLARITY_AH
LTDC.VSync=9
LTDC.WindowX0_L0=0
LTDC.WindowX1_L0=120
LTDC.WindowY0_L0=0
LTDC.WindowY1_L0=156
Mcu.CPN=STM32L4R9ZIY6PTR
Mcu.Family=STM32L4
Mcu.IP0=DSIHOST
Mcu.IP1=LTDC
Mcu.IP2=NVIC
Mcu.IP3=RCC
Mcu.IP4=SPI2
Mcu.IP5=SPI3
Mcu.IP6=UART4
Mcu.IPNb=7
Mcu.Name=STM32L4R9ZIYxP
Mcu.Package=WLCSP144
Mcu.Pin0=PG12
Mcu.Pin1=PC12
Mcu.Pin10=PD12
Mcu.Pin11=PH0-OSC_IN (PH0)
Mcu.Pin12=DSIHOST_D1N
Mcu.Pin13=DSIHOST_D1P
Mcu.Pin14=PB12
Mcu.Pin15=PA0
Mcu.Pin16=PH1-OSC_OUT (PH1)
Mcu.Pin17=DSIHOST_CKP
Mcu.Pin18=DSIHOST_CKN
Mcu.Pin19=PA1
Mcu.Pin2=PG10
Mcu.Pin20=PC1
Mcu.Pin21=DSIHOST_D0P
Mcu.Pin22=DSIHOST_D0N
Mcu.Pin23=PF12
Mcu.Pin24=VP_LTDC_DSIMode
Mcu.Pin3=PB9
Mcu.Pin4=PC10
Mcu.Pin5=PD1
Mcu.Pin6=PD4
Mcu.Pin7=PB6
Mcu.Pin8=PA8
Mcu.Pin9=PD3
Mcu.PinsNb=25
Mcu.ThirdPartyNb=0
Mcu.UserConstants=
Mcu.UserName=STM32L4R9ZIYxP
MxCube.Version=6.7.0
MxDb.Version=DB.6.0.70
NVIC.BusFault_IRQn=true\:0\:0\:false\:false\:true\:false\:false\:false
NVIC.DebugMonitor_IRQn=true\:0\:0\:false\:false\:true\:false\:false\:false
NVIC.EXTI15_10_IRQn=true\:3\:0\:true\:false\:true\:true\:true\:true
NVIC.EXTI9_5_IRQn=true\:0\:0\:false\:false\:true\:true\:true\:true
NVIC.ForceEnableDMAVector=true
NVIC.HardFault_IRQn=true\:0\:0\:false\:false\:true\:false\:false\:false
NVIC.MemoryManagement_IRQn=true\:0\:0\:false\:false\:true\:false\:false\:false
NVIC.NonMaskableInt_IRQn=true\:0\:0\:false\:false\:true\:false\:false\:false
NVIC.PendSV_IRQn=true\:0\:0\:false\:false\:true\:false\:false\:false
NVIC.PriorityGroup=NVIC_PRIORITYGROUP_4
NVIC.SPI3_IRQn=true\:0\:0\:false\:false\:true\:true\:true\:true
NVIC.SVCall_IRQn=true\:0\:0\:false\:false\:true\:false\:false\:false
NVIC.SysTick_IRQn=true\:2\:0\:true\:false\:true\:false\:true\:false
NVIC.UsageFault_IRQn=true\:0\:0\:false\:false\:true\:false\:false\:false
PA0.Mode=Asynchronous
PA0.Signal=UART4_TX
PA1.Locked=true
PA1.Mode=Asynchronous
PA1.Signal=UART4_RX
PA8.GPIOParameters=GPIO_PuPd,GPIO_Label
PA8.GPIO_Label=sync
PA8.GPIO_PuPd=GPIO_PULLDOWN
PA8.Locked=true
PA8.Signal=GPXTI8
PB12.GPIOParameters=GPIO_Speed,PinState,GPIO_Label
PB12.GPIO_Label=flash_cs
PB12.GPIO_Speed=GPIO_SPEED_FREQ_VERY_HIGH
PB12.Locked=true
PB12.PinState=GPIO_PIN_SET
PB12.Signal=GPIO_Output
PB6.GPIOParameters=GPIO_Speed,PinState,GPIO_Label
PB6.GPIO_Label=RESXP
PB6.GPIO_Speed=GPIO_SPEED_FREQ_VERY_HIGH
PB6.Locked=true
PB6.PinState=GPIO_PIN_SET
PB6.Signal=GPIO_Output
PB9.GPIOParameters=GPIO_Speed,GPIO_Label
PB9.GPIO_Label=led
PB9.GPIO_Speed=GPIO_SPEED_FREQ_VERY_HIGH
PB9.Locked=true
PB9.Signal=GPIO_Output
PC1.GPIOParameters=GPIO_Speed,GPIO_Label
PC1.GPIO_Label=bat_en
PC1.GPIO_Speed=GPIO_SPEED_FREQ_VERY_HIGH
PC1.Locked=true
PC1.Signal=GPIO_Output
PC10.Locked=true
PC10.Mode=Full_Duplex_Slave
PC10.Signal=SPI3_SCK
PC12.Mode=Full_Duplex_Slave
PC12.Signal=SPI3_MOSI
PD1.Locked=true
PD1.Mode=Full_Duplex_Master
PD1.Signal=SPI2_SCK
PD12.GPIOParameters=GPIO_PuPd,GPIO_Label
PD12.GPIO_Label=pic_sw
PD12.GPIO_PuPd=GPIO_PULLDOWN
PD12.Locked=true
PD12.Signal=GPXTI12
PD3.Mode=Full_Duplex_Master
PD3.Signal=SPI2_MISO
PD4.Mode=Full_Duplex_Master
PD4.Signal=SPI2_MOSI
PF12.GPIOParameters=GPIO_Speed,GPIO_Label
PF12.GPIO_Label=en
PF12.GPIO_Speed=GPIO_SPEED_FREQ_VERY_HIGH
PF12.Locked=true
PF12.Signal=GPIO_Output
PG10.Mode=Full_Duplex_Slave
PG10.Signal=SPI3_MISO
PG12.Locked=true
PG12.Mode=NSS_Signal_Hard_Input
PG12.Signal=SPI3_NSS
PH0-OSC_IN\ (PH0).Mode=HSE-External-Oscillator
PH0-OSC_IN\ (PH0).Signal=RCC_OSC_IN
PH1-OSC_OUT\ (PH1).Mode=HSE-External-Oscillator
PH1-OSC_OUT\ (PH1).Signal=RCC_OSC_OUT
PinOutPanel.CurrentBGAView=Top
PinOutPanel.RotationAngle=0
ProjectManager.AskForMigrate=true
ProjectManager.BackupPrevious=false
ProjectManager.CompilerOptimize=6
ProjectManager.ComputerToolchain=false
ProjectManager.CoupleFile=false
ProjectManager.CustomerFirmwarePackage=
ProjectManager.DefaultFWLocation=true
ProjectManager.DeletePrevious=true
ProjectManager.DeviceId=STM32L4R9ZIYxP
ProjectManager.FirmwarePackage=STM32Cube FW_L4 V1.17.2
ProjectManager.FreePins=false
ProjectManager.HalAssertFull=false
ProjectManager.HeapSize=0x200
ProjectManager.KeepUserCode=true
ProjectManager.LastFirmware=true
ProjectManager.LibraryCopy=1
ProjectManager.MainLocation=Core/Src
ProjectManager.NoMain=false
ProjectManager.PreviousToolchain=
ProjectManager.ProjectBuild=false
ProjectManager.ProjectFileName=GL_REV2_R.ioc
ProjectManager.ProjectName=GL_REV2_R
ProjectManager.RegisterCallBack=
ProjectManager.StackSize=0x400
ProjectManager.TargetToolchain=STM32CubeIDE
ProjectManager.ToolChainLocation=
ProjectManager.UnderRoot=true
ProjectManager.functionlistsort=1-SystemClock_Config-RCC-false-HAL-false,2-MX_GPIO_Init-GPIO-false-HAL-true,3-MX_DSIHOST_DSI_Init-DSIHOST-false-HAL-true,4-MX_LTDC_Init-LTDC-false-HAL-true,5-MX_SPI2_Init-SPI2-false-HAL-true,6-MX_SPI3_Init-SPI3-false-HAL-true,7-MX_UART4_Init-UART4-false-HAL-true
RCC.ADCFreq_Value=32000000
RCC.AHBFreq_Value=120000000
RCC.APB1Freq_Value=120000000
RCC.APB1TimFreq_Value=120000000
RCC.APB2Freq_Value=120000000
RCC.APB2TimFreq_Value=120000000
RCC.CRSFreq_Value=48000000
RCC.CortexFreq_Value=120000000
RCC.DFSDMFreq_Value=120000000
RCC.DSIFreq_Value=25000000
RCC.DSITXEscFreq_Value=12500000
RCC.DSITX_Div=2
RCC.FCLKCortexFreq_Value=120000000
RCC.FamilyName=M
RCC.HCLKFreq_Value=120000000
RCC.HSE_VALUE=8000000
RCC.HSI48_VALUE=48000000
RCC.HSI_VALUE=16000000
RCC.I2C1Freq_Value=120000000
RCC.I2C2Freq_Value=120000000
RCC.I2C3Freq_Value=120000000
RCC.I2C4Freq_Value=120000000
RCC.IPParameters=ADCFreq_Value,AHBFreq_Value,APB1Freq_Value,APB1TimFreq_Value,APB2Freq_Value,APB2TimFreq_Value,CRSFreq_Value,CortexFreq_Value,DFSDMFreq_Value,DSIFreq_Value,DSITXEscFreq_Value,DSITX_Div,FCLKCortexFreq_Value,FamilyName,HCLKFreq_Value,HSE_VALUE,HSI48_VALUE,HSI_VALUE,I2C1Freq_Value,I2C2Freq_Value,I2C3Freq_Value,I2C4Freq_Value,LCDTFTFreq_Value,LPTIM1Freq_Value,LPTIM2Freq_Value,LPUART1Freq_Value,LSCOPinFreq_Value,LSE_VALUE,LSI_VALUE,LtdcClockSelection,MCO1PinFreq_Value,MSI_VALUE,OCTOSPIMFreq_Value,PLLDSIFreq_Value,PLLDSINDIV,PLLDSIODF,PLLDSIVCOFreq_Value,PLLN,PLLPoutputFreq_Value,PLLQoutputFreq_Value,PLLRCLKFreq_Value,PLLSAI1PoutputFreq_Value,PLLSAI1QoutputFreq_Value,PLLSAI1RoutputFreq_Value,PLLSAI2PoutputFreq_Value,PLLSAI2QoutputFreq_Value,PLLSAI2RoutputFreq_Value,PLLSourceVirtual,PWRFreq_Value,RNGFreq_Value,SAI1Freq_Value,SAI2Freq_Value,SDMMCFreq_Value,SYSCLKFreq_VALUE,SYSCLKSource,UART4Freq_Value,UART5Freq_Value,USART1Freq_Value,USART2Freq_Value,USART3Freq_Value,USBFreq_Value,VCOInput2Freq_Value,VCOInput3Freq_Value,VCOInputFreq_Value,VCOOutputFreq_Value,VCOSAI1OutputFreq_Value,VCOSAI2OutputFreq_Value
RCC.LCDTFTFreq_Value=8000000
RCC.LPTIM1Freq_Value=120000000
RCC.LPTIM2Freq_Value=120000000
RCC.LPUART1Freq_Value=120000000
RCC.LSCOPinFreq_Value=32000
RCC.LSE_VALUE=32768
RCC.LSI_VALUE=32000
RCC.LtdcClockSelection=RCC_LTDCCLKSOURCE_PLLSAI2_DIV4
RCC.MCO1PinFreq_Value=120000000
RCC.MSI_VALUE=4000000
RCC.OCTOSPIMFreq_Value=120000000
RCC.PLLDSIFreq_Value=200000000
RCC.PLLDSINDIV=50
RCC.PLLDSIODF=DSI_PLL_OUT_DIV2
RCC.PLLDSIVCOFreq_Value=800000000
RCC.PLLN=30
RCC.PLLPoutputFreq_Value=120000000
RCC.PLLQoutputFreq_Value=120000000
RCC.PLLRCLKFreq_Value=120000000
RCC.PLLSAI1PoutputFreq_Value=32000000
RCC.PLLSAI1QoutputFreq_Value=32000000
RCC.PLLSAI1RoutputFreq_Value=32000000
RCC.PLLSAI2PoutputFreq_Value=32000000
RCC.PLLSAI2QoutputFreq_Value=32000000
RCC.PLLSAI2RoutputFreq_Value=32000000
RCC.PLLSourceVirtual=RCC_PLLSOURCE_HSE
RCC.PWRFreq_Value=120000000
RCC.RNGFreq_Value=32000000
RCC.SAI1Freq_Value=32000000
RCC.SAI2Freq_Value=32000000
RCC.SDMMCFreq_Value=120000000
RCC.SYSCLKFreq_VALUE=120000000
RCC.SYSCLKSource=RCC_SYSCLKSOURCE_PLLCLK
RCC.UART4Freq_Value=120000000
RCC.UART5Freq_Value=120000000
RCC.USART1Freq_Value=120000000
RCC.USART2Freq_Value=120000000
RCC.USART3Freq_Value=120000000
RCC.USBFreq_Value=32000000
RCC.VCOInput2Freq_Value=8000000
RCC.VCOInput3Freq_Value=8000000
RCC.VCOInputFreq_Value=8000000
RCC.VCOOutputFreq_Value=240000000
RCC.VCOSAI1OutputFreq_Value=64000000
RCC.VCOSAI2OutputFreq_Value=64000000
SH.GPXTI12.0=GPIO_EXTI12
SH.GPXTI12.ConfNb=1
SH.GPXTI8.0=GPIO_EXTI8
SH.GPXTI8.ConfNb=1
SPI2.BaudRatePrescaler=SPI_BAUDRATEPRESCALER_4
SPI2.CLKPhase=SPI_PHASE_1EDGE
SPI2.CLKPolarity=SPI_POLARITY_LOW
SPI2.CalculateBaudRate=30.0 MBits/s
SPI2.DataSize=SPI_DATASIZE_8BIT
SPI2.Direction=SPI_DIRECTION_2LINES
SPI2.IPParameters=VirtualType,Mode,Direction,CalculateBaudRate,BaudRatePrescaler,DataSize,CLKPolarity,CLKPhase
SPI2.Mode=SPI_MODE_MASTER
SPI2.VirtualType=VM_MASTER
SPI3.DataSize=SPI_DATASIZE_8BIT
SPI3.Direction=SPI_DIRECTION_2LINES
SPI3.IPParameters=VirtualType,Mode,Direction,VirtualNSS,DataSize
SPI3.Mode=SPI_MODE_SLAVE
SPI3.VirtualNSS=VM_NSSHARD
SPI3.VirtualType=VM_SLAVE
VP_LTDC_DSIMode.Mode=RGB888
VP_LTDC_DSIMode.Signal=LTDC_DSIMode
board=custom
isbadioc=false
